// !$*UTF8*$!
{
	archiveVersion = 1;
	classes = {
	};
	objectVersion = 46;
	objects = {

/* Begin PBXBuildFile section */
		997FFBEA1EAF816000ABEA01 /* NiceData.h in Headers */ = {isa = PBXBuildFile; fileRef = 997FFBE81EAF816000ABEA01 /* NiceData.h */; settings = {ATTRIBUTES = (Public, ); }; };
		997FFBF11EAF81A600ABEA01 /* ReactiveObserver.swift in Sources */ = {isa = PBXBuildFile; fileRef = 997FFBF01EAF81A600ABEA01 /* ReactiveObserver.swift */; };
		997FFBF71EAF82DC00ABEA01 /* ReactiveSwift.framework in Frameworks */ = {isa = PBXBuildFile; fileRef = 997FFBF31EAF82D300ABEA01 /* ReactiveSwift.framework */; };
		997FFBF81EAF82DC00ABEA01 /* Result.framework in Frameworks */ = {isa = PBXBuildFile; fileRef = 997FFBF41EAF82D300ABEA01 /* Result.framework */; };
/* End PBXBuildFile section */

/* Begin PBXFileReference section */
		997FFBE51EAF816000ABEA01 /* NiceData.framework */ = {isa = PBXFileReference; explicitFileType = wrapper.framework; includeInIndex = 0; path = NiceData.framework; sourceTree = BUILT_PRODUCTS_DIR; };
		997FFBE81EAF816000ABEA01 /* NiceData.h */ = {isa = PBXFileReference; lastKnownFileType = sourcecode.c.h; path = NiceData.h; sourceTree = "<group>"; };
		997FFBE91EAF816000ABEA01 /* Info.plist */ = {isa = PBXFileReference; lastKnownFileType = text.plist.xml; path = Info.plist; sourceTree = "<group>"; };
		997FFBF01EAF81A600ABEA01 /* ReactiveObserver.swift */ = {isa = PBXFileReference; fileEncoding = 4; lastKnownFileType = sourcecode.swift; path = ReactiveObserver.swift; sourceTree = "<group>"; };
		997FFBF31EAF82D300ABEA01 /* ReactiveSwift.framework */ = {isa = PBXFileReference; lastKnownFileType = wrapper.framework; name = ReactiveSwift.framework; path = Carthage/Build/Mac/ReactiveSwift.framework; sourceTree = "<group>"; };
		997FFBF41EAF82D300ABEA01 /* Result.framework */ = {isa = PBXFileReference; lastKnownFileType = wrapper.framework; name = Result.framework; path = Carthage/Build/Mac/Result.framework; sourceTree = "<group>"; };
/* End PBXFileReference section */

/* Begin PBXFrameworksBuildPhase section */
		997FFBE11EAF816000ABEA01 /* Frameworks */ = {
			isa = PBXFrameworksBuildPhase;
			buildActionMask = 2147483647;
			files = (
				997FFBF71EAF82DC00ABEA01 /* ReactiveSwift.framework in Frameworks */,
				997FFBF81EAF82DC00ABEA01 /* Result.framework in Frameworks */,
			);
			runOnlyForDeploymentPostprocessing = 0;
		};
/* End PBXFrameworksBuildPhase section */

/* Begin PBXGroup section */
		997FFBDB1EAF816000ABEA01 = {
			isa = PBXGroup;
			children = (
				997FFBE71EAF816000ABEA01 /* NiceData */,
				997FFBE61EAF816000ABEA01 /* Products */,
				997FFBF21EAF82BC00ABEA01 /* Frameworks */,
			);
			sourceTree = "<group>";
		};
		997FFBE61EAF816000ABEA01 /* Products */ = {
			isa = PBXGroup;
			children = (
				997FFBE51EAF816000ABEA01 /* NiceData.framework */,
			);
			name = Products;
			sourceTree = "<group>";
		};
		997FFBE71EAF816000ABEA01 /* NiceData */ = {
			isa = PBXGroup;
			children = (
				997FFBF01EAF81A600ABEA01 /* ReactiveObserver.swift */,
				997FFBE81EAF816000ABEA01 /* NiceData.h */,
				997FFBE91EAF816000ABEA01 /* Info.plist */,
			);
			path = NiceData;
			sourceTree = "<group>";
		};
		997FFBF21EAF82BC00ABEA01 /* Frameworks */ = {
			isa = PBXGroup;
			children = (
				997FFBF31EAF82D300ABEA01 /* ReactiveSwift.framework */,
				997FFBF41EAF82D300ABEA01 /* Result.framework */,
			);
			name = Frameworks;
			sourceTree = "<group>";
		};
/* End PBXGroup section */

/* Begin PBXHeadersBuildPhase section */
		997FFBE21EAF816000ABEA01 /* Headers */ = {
			isa = PBXHeadersBuildPhase;
			buildActionMask = 2147483647;
			files = (
				997FFBEA1EAF816000ABEA01 /* NiceData.h in Headers */,
			);
			runOnlyForDeploymentPostprocessing = 0;
		};
/* End PBXHeadersBuildPhase section */

/* Begin PBXNativeTarget section */
		997FFBE41EAF816000ABEA01 /* NiceData */ = {
			isa = PBXNativeTarget;
			buildConfigurationList = 997FFBED1EAF816000ABEA01 /* Build configuration list for PBXNativeTarget "NiceData" */;
			buildPhases = (
				997FFBE01EAF816000ABEA01 /* Sources */,
				997FFBE11EAF816000ABEA01 /* Frameworks */,
				997FFBE21EAF816000ABEA01 /* Headers */,
				997FFBE31EAF816000ABEA01 /* Resources */,
			);
			buildRules = (
			);
			dependencies = (
			);
			name = NiceData;
			productName = NiceData;
			productReference = 997FFBE51EAF816000ABEA01 /* NiceData.framework */;
			productType = "com.apple.product-type.framework";
		};
/* End PBXNativeTarget section */

/* Begin PBXProject section */
		997FFBDC1EAF816000ABEA01 /* Project object */ = {
			isa = PBXProject;
			attributes = {
				LastUpgradeCheck = 0830;
				ORGANIZATIONNAME = Median;
				TargetAttributes = {
					997FFBE41EAF816000ABEA01 = {
						CreatedOnToolsVersion = 8.3;
						DevelopmentTeam = Q4C48EKH9Z;
						ProvisioningStyle = Automatic;
					};
				};
			};
			buildConfigurationList = 997FFBDF1EAF816000ABEA01 /* Build configuration list for PBXProject "NiceData" */;
			compatibilityVersion = "Xcode 3.2";
			developmentRegion = English;
			hasScannedForEncodings = 0;
			knownRegions = (
				en,
			);
			mainGroup = 997FFBDB1EAF816000ABEA01;
			productRefGroup = 997FFBE61EAF816000ABEA01 /* Products */;
			projectDirPath = "";
			projectRoot = "";
			targets = (
				997FFBE41EAF816000ABEA01 /* NiceData */,
			);
		};
/* End PBXProject section */

/* Begin PBXResourcesBuildPhase section */
		997FFBE31EAF816000ABEA01 /* Resources */ = {
			isa = PBXResourcesBuildPhase;
			buildActionMask = 2147483647;
			files = (
			);
			runOnlyForDeploymentPostprocessing = 0;
		};
/* End PBXResourcesBuildPhase section */

/* Begin PBXSourcesBuildPhase section */
		997FFBE01EAF816000ABEA01 /* Sources */ = {
			isa = PBXSourcesBuildPhase;
			buildActionMask = 2147483647;
			files = (
				997FFBF11EAF81A600ABEA01 /* ReactiveObserver.swift in Sources */,
			);
			runOnlyForDeploymentPostprocessing = 0;
		};
/* End PBXSourcesBuildPhase section */

/* Begin XCBuildConfiguration section */
		997FFBEB1EAF816000ABEA01 /* Debug */ = {
			isa = XCBuildConfiguration;
			buildSettings = {
				ALWAYS_SEARCH_USER_PATHS = NO;
				CLANG_ANALYZER_NONNULL = YES;
				CLANG_ANALYZER_NUMBER_OBJECT_CONVERSION = YES_AGGRESSIVE;
				CLANG_CXX_LANGUAGE_STANDARD = "gnu++0x";
				CLANG_CXX_LIBRARY = "libc++";
				CLANG_ENABLE_MODULES = YES;
				CLANG_ENABLE_OBJC_ARC = YES;
				CLANG_WARN_BOOL_CONVERSION = YES;
				CLANG_WARN_CONSTANT_CONVERSION = YES;
				CLANG_WARN_DIRECT_OBJC_ISA_USAGE = YES_ERROR;
				CLANG_WARN_DOCUMENTATION_COMMENTS = YES;
				CLANG_WARN_EMPTY_BODY = YES;
				CLANG_WARN_ENUM_CONVERSION = YES;
				CLANG_WARN_INFINITE_RECURSION = YES;
				CLANG_WARN_INT_CONVERSION = YES;
				CLANG_WARN_OBJC_ROOT_CLASS = YES_ERROR;
				CLANG_WARN_SUSPICIOUS_MOVE = YES;
				CLANG_WARN_UNREACHABLE_CODE = YES;
				CLANG_WARN__DUPLICATE_METHOD_MATCH = YES;
				CODE_SIGN_IDENTITY = "-";
				COPY_PHASE_STRIP = NO;
				CURRENT_PROJECT_VERSION = 1;
				DEBUG_INFORMATION_FORMAT = dwarf;
				ENABLE_STRICT_OBJC_MSGSEND = YES;
				ENABLE_TESTABILITY = YES;
				GCC_C_LANGUAGE_STANDARD = gnu99;
				GCC_DYNAMIC_NO_PIC = NO;
				GCC_NO_COMMON_BLOCKS = YES;
				GCC_OPTIMIZATION_LEVEL = 0;
				GCC_PREPROCESSOR_DEFINITIONS = (
					"DEBUG=1",
					"$(inherited)",
				);
				GCC_WARN_64_TO_32_BIT_CONVERSION = YES;
				GCC_WARN_ABOUT_RETURN_TYPE = YES_ERROR;
				GCC_WARN_UNDECLARED_SELECTOR = YES;
				GCC_WARN_UNINITIALIZED_AUTOS = YES_AGGRESSIVE;
				GCC_WARN_UNUSED_FUNCTION = YES;
				GCC_WARN_UNUSED_VARIABLE = YES;
				MACOSX_DEPLOYMENT_TARGET = 10.12;
				MTL_ENABLE_DEBUG_INFO = YES;
				ONLY_ACTIVE_ARCH = YES;
				SDKROOT = macosx;
				SWIFT_ACTIVE_COMPILATION_CONDITIONS = DEBUG;
				SWIFT_OPTIMIZATION_LEVEL = "-Onone";
				VERSIONING_SYSTEM = "apple-generic";
				VERSION_INFO_PREFIX = "";
			};
			name = Debug;
		};
		997FFBEC1EAF816000ABEA01 /* Release */ = {
			isa = XCBuildConfiguration;
			buildSettings = {
				ALWAYS_SEARCH_USER_PATHS = NO;
				CLANG_ANALYZER_NONNULL = YES;
				CLANG_ANALYZER_NUMBER_OBJECT_CONVERSION = YES_AGGRESSIVE;
				CLANG_CXX_LANGUAGE_STANDARD = "gnu++0x";
				CLANG_CXX_LIBRARY = "libc++";
				CLANG_ENABLE_MODULES = YES;
				CLANG_ENABLE_OBJC_ARC = YES;
				CLANG_WARN_BOOL_CONVERSION = YES;
				CLANG_WARN_CONSTANT_CONVERSION = YES;
				CLANG_WARN_DIRECT_OBJC_ISA_USAGE = YES_ERROR;
				CLANG_WARN_DOCUMENTATION_COMMENTS = YES;
				CLANG_WARN_EMPTY_BODY = YES;
				CLANG_WARN_ENUM_CONVERSION = YES;
				CLANG_WARN_INFINITE_RECURSION = YES;
				CLANG_WARN_INT_CONVERSION = YES;
				CLANG_WARN_OBJC_ROOT_CLASS = YES_ERROR;
				CLANG_WARN_SUSPICIOUS_MOVE = YES;
				CLANG_WARN_UNREACHABLE_CODE = YES;
				CLANG_WARN__DUPLICATE_METHOD_MATCH = YES;
				CODE_SIGN_IDENTITY = "-";
				COPY_PHASE_STRIP = NO;
				CURRENT_PROJECT_VERSION = 1;
				DEBUG_INFORMATION_FORMAT = "dwarf-with-dsym";
				ENABLE_NS_ASSERTIONS = NO;
				ENABLE_STRICT_OBJC_MSGSEND = YES;
				GCC_C_LANGUAGE_STANDARD = gnu99;
				GCC_NO_COMMON_BLOCKS = YES;
				GCC_WARN_64_TO_32_BIT_CONVERSION = YES;
				GCC_WARN_ABOUT_RETURN_TYPE = YES_ERROR;
				GCC_WARN_UNDECLARED_SELECTOR = YES;
				GCC_WARN_UNINITIALIZED_AUTOS = YES_AGGRESSIVE;
				GCC_WARN_UNUSED_FUNCTION = YES;
				GCC_WARN_UNUSED_VARIABLE = YES;
				MACOSX_DEPLOYMENT_TARGET = 10.12;
				MTL_ENABLE_DEBUG_INFO = NO;
				SDKROOT = macosx;
				SWIFT_OPTIMIZATION_LEVEL = "-Owholemodule";
				VERSIONING_SYSTEM = "apple-generic";
				VERSION_INFO_PREFIX = "";
			};
			name = Release;
		};
		997FFBEE1EAF816000ABEA01 /* Debug */ = {
			isa = XCBuildConfiguration;
			buildSettings = {
				CODE_SIGN_IDENTITY = "";
				COMBINE_HIDPI_IMAGES = YES;
				DEFINES_MODULE = YES;
				DEVELOPMENT_TEAM = Q4C48EKH9Z;
				DYLIB_COMPATIBILITY_VERSION = 1;
				DYLIB_CURRENT_VERSION = 1;
				DYLIB_INSTALL_NAME_BASE = "@rpath";
				FRAMEWORK_SEARCH_PATHS = (
					"$(inherited)",
					"$(PROJECT_DIR)/Carthage/Build/Mac",
				);
				FRAMEWORK_VERSION = A;
				INFOPLIST_FILE = NiceData/Info.plist;
				INSTALL_PATH = "$(LOCAL_LIBRARY_DIR)/Frameworks";
				LD_RUNPATH_SEARCH_PATHS = "$(inherited) @executable_path/../Frameworks @loader_path/Frameworks";
				MACOSX_DEPLOYMENT_TARGET = 10.11;
				PRODUCT_BUNDLE_IDENTIFIER = tech.median.NiceData;
				PRODUCT_NAME = "$(TARGET_NAME)";
				SKIP_INSTALL = YES;
				SWIFT_VERSION = 3.0;
			};
			name = Debug;
		};
		997FFBEF1EAF816000ABEA01 /* Release */ = {
			isa = XCBuildConfiguration;
			buildSettings = {
				CODE_SIGN_IDENTITY = "";
				COMBINE_HIDPI_IMAGES = YES;
				DEFINES_MODULE = YES;
				DEVELOPMENT_TEAM = Q4C48EKH9Z;
				DYLIB_COMPATIBILITY_VERSION = 1;
				DYLIB_CURRENT_VERSION = 1;
				DYLIB_INSTALL_NAME_BASE = "@rpath";
				FRAMEWORK_SEARCH_PATHS = (
					"$(inherited)",
					"$(PROJECT_DIR)/Carthage/Build/Mac",
				);
				FRAMEWORK_VERSION = A;
				INFOPLIST_FILE = NiceData/Info.plist;
				INSTALL_PATH = "$(LOCAL_LIBRARY_DIR)/Frameworks";
				LD_RUNPATH_SEARCH_PATHS = "$(inherited) @executable_path/../Frameworks @loader_path/Frameworks";
				MACOSX_DEPLOYMENT_TARGET = 10.11;
				PRODUCT_BUNDLE_IDENTIFIER = tech.median.NiceData;
				PRODUCT_NAME = "$(TARGET_NAME)";
				SKIP_INSTALL = YES;
				SWIFT_VERSION = 3.0;
			};
			name = Release;
		};
/* End XCBuildConfiguration section */

/* Begin XCConfigurationList section */
		997FFBDF1EAF816000ABEA01 /* Build configuration list for PBXProject "NiceData" */ = {
			isa = XCConfigurationList;
			buildConfigurations = (
				997FFBEB1EAF816000ABEA01 /* Debug */,
				997FFBEC1EAF816000ABEA01 /* Release */,
			);
			defaultConfigurationIsVisible = 0;
			defaultConfigurationName = Release;
		};
		997FFBED1EAF816000ABEA01 /* Build configuration list for PBXNativeTarget "NiceData" */ = {
			isa = XCConfigurationList;
			buildConfigurations = (
				997FFBEE1EAF816000ABEA01 /* Debug */,
				997FFBEF1EAF816000ABEA01 /* Release */,
			);
			defaultConfigurationIsVisible = 0;
			defaultConfigurationName = Release;
		};
/* End XCConfigurationList section */
	};
	rootObject = 997FFBDC1EAF816000ABEA01 /* Project object */;
}
